
Microsoft Visual Studio Solution File, Format Version 12.00
# Visual Studio Version 17
VisualStudioVersion = 17.8.34330.188
MinimumVisualStudioVersion = 10.0.40219.1
Project("{9A19103F-16F7-4668-BE54-9A1E7A4F7556}") = "Infrastructure.Core", "Infrastructure.Core\Infrastructure.Core.csproj", "{A2BE2B92-4AB6-49C5-90B4-48731C9D731D}"
EndProject
Project("{9A19103F-16F7-4668-BE54-9A1E7A4F7556}") = "Infrastructure.Core.PostgreSQL", "Infrastructure.Core.PostgreSQL\Infrastructure.Core.PostgreSQL.csproj", "{29BD32E8-0687-4445-9943-6FBCBDB2B7AF}"
EndProject
Project("{9A19103F-16F7-4668-BE54-9A1E7A4F7556}") = "Infrastructure.Core.Web", "Infrastructure.Core.Web\Infrastructure.Core.Web.csproj", "{590DE776-2872-44FD-9BAF-DFC58AAE11D7}"
EndProject
Project("{FAE04EC0-301F-11D3-BF4B-00C04F79EFBC}") = "Infrastructure.Core.SqlServer", "Infrastructure.Core.SqlServer\Infrastructure.Core.SqlServer.csproj", "{164F6C4E-31F4-4D05-996E-9E8510D49A59}"
EndProject
Global
	GlobalSection(SolutionConfigurationPlatforms) = preSolution
		Debug|Any CPU = Debug|Any CPU
		Release|Any CPU = Release|Any CPU
	EndGlobalSection
	GlobalSection(ProjectConfigurationPlatforms) = postSolution
		{A2BE2B92-4AB6-49C5-90B4-48731C9D731D}.Debug|Any CPU.ActiveCfg = Debug|Any CPU
		{A2BE2B92-4AB6-49C5-90B4-48731C9D731D}.Debug|Any CPU.Build.0 = Debug|Any CPU
		{A2BE2B92-4AB6-49C5-90B4-48731C9D731D}.Release|Any CPU.ActiveCfg = Release|Any CPU
		{A2BE2B92-4AB6-49C5-90B4-48731C9D731D}.Release|Any CPU.Build.0 = Release|Any CPU
		{29BD32E8-0687-4445-9943-6FBCBDB2B7AF}.Debug|Any CPU.ActiveCfg = Debug|Any CPU
		{29BD32E8-0687-4445-9943-6FBCBDB2B7AF}.Debug|Any CPU.Build.0 = Debug|Any CPU
		{29BD32E8-0687-4445-9943-6FBCBDB2B7AF}.Release|Any CPU.ActiveCfg = Release|Any CPU
		{29BD32E8-0687-4445-9943-6FBCBDB2B7AF}.Release|Any CPU.Build.0 = Release|Any CPU
		{590DE776-2872-44FD-9BAF-DFC58AAE11D7}.Debug|Any CPU.ActiveCfg = Debug|Any CPU
		{590DE776-2872-44FD-9BAF-DFC58AAE11D7}.Debug|Any CPU.Build.0 = Debug|Any CPU
		{590DE776-2872-44FD-9BAF-DFC58AAE11D7}.Release|Any CPU.ActiveCfg = Release|Any CPU
		{590DE776-2872-44FD-9BAF-DFC58AAE11D7}.Release|Any CPU.Build.0 = Release|Any CPU
		{164F6C4E-31F4-4D05-996E-9E8510D49A59}.Debug|Any CPU.ActiveCfg = Debug|Any CPU
		{164F6C4E-31F4-4D05-996E-9E8510D49A59}.Debug|Any CPU.Build.0 = Debug|Any CPU
		{164F6C4E-31F4-4D05-996E-9E8510D49A59}.Release|Any CPU.ActiveCfg = Release|Any CPU
		{164F6C4E-31F4-4D05-996E-9E8510D49A59}.Release|Any CPU.Build.0 = Release|Any CPU
	EndGlobalSection
	GlobalSection(SolutionProperties) = preSolution
		HideSolutionNode = FALSE
	EndGlobalSection
	GlobalSection(ExtensibilityGlobals) = postSolution
		SolutionGuid = {F76653B0-6F13-440F-AAA0-EE106BA46D30}
	EndGlobalSection
EndGlobal
